
Microsoft Visual Studio Solution File, Format Version 12.00
# Visual Studio Version 17
VisualStudioVersion = 17.14.37012.4 d17.14
MinimumVisualStudioVersion = 10.0.40219.1
Project("{FAE04EC0-301F-11D3-BF4B-00C04F79EFBC}") = "arbolb", "arbolb.csproj", "{CAE9D4C2-343F-4064-9559-B0ED72573094}"
EndProject
Global
	GlobalSection(SolutionConfigurationPlatforms) = preSolution
		Debug|Any CPU = Debug|Any CPU
		Release|Any CPU = Release|Any CPU
	EndGlobalSection
	GlobalSection(ProjectConfigurationPlatforms) = postSolution
		{CAE9D4C2-343F-4064-9559-B0ED72573094}.Debug|Any CPU.ActiveCfg = Debug|Any CPU
		{CAE9D4C2-343F-4064-9559-B0ED72573094}.Debug|Any CPU.Build.0 = Debug|Any CPU
		{CAE9D4C2-343F-4064-9559-B0ED72573094}.Release|Any CPU.ActiveCfg = Release|Any CPU
		{CAE9D4C2-343F-4064-9559-B0ED72573094}.Release|Any CPU.Build.0 = Release|Any CPU
	EndGlobalSection
	GlobalSection(SolutionProperties) = preSolution
		HideSolutionNode = FALSE
	EndGlobalSection
	GlobalSection(ExtensibilityGlobals) = postSolution
		SolutionGuid = {6101FB66-ABC5-4C4F-AB1A-F0456DA627DC}
	EndGlobalSection
EndGlobal
